
Microsoft Visual Studio Solution File, Format Version 12.00
# Visual Studio Version 17
VisualStudioVersion = 17.8.34511.84
MinimumVisualStudioVersion = 10.0.40219.1
Project("{FAE04EC0-301F-11D3-BF4B-00C04F79EFBC}") = "CampusVirtual", "CampusVirtual\CampusVirtual.csproj", "{B1213AE4-3648-419C-90CD-2B025A6D873E}"
EndProject
Global
	GlobalSection(SolutionConfigurationPlatforms) = preSolution
		Debug|Any CPU = Debug|Any CPU
		Release|Any CPU = Release|Any CPU
	EndGlobalSection
	GlobalSection(ProjectConfigurationPlatforms) = postSolution
		{B1213AE4-3648-419C-90CD-2B025A6D873E}.Debug|Any CPU.ActiveCfg = Debug|Any CPU
		{B1213AE4-3648-419C-90CD-2B025A6D873E}.Debug|Any CPU.Build.0 = Debug|Any CPU
		{B1213AE4-3648-419C-90CD-2B025A6D873E}.Release|Any CPU.ActiveCfg = Release|Any CPU
		{B1213AE4-3648-419C-90CD-2B025A6D873E}.Release|Any CPU.Build.0 = Release|Any CPU
	EndGlobalSection
	GlobalSection(SolutionProperties) = preSolution
		HideSolutionNode = FALSE
	EndGlobalSection
	GlobalSection(ExtensibilityGlobals) = postSolution
		SolutionGuid = {1C168F97-FB9E-46F2-BE01-F633709ED348}
	EndGlobalSection
EndGlobal
